// !$*UTF8*$!
{
	archiveVersion = 1;
	classes = {
	};
	objectVersion = 55;
	objects = {

/* Begin PBXBuildFile section */
		EBA49CCD27D6120800EA5EA0 /* LearningApp.swift in Sources */ = {isa = PBXBuildFile; fileRef = EBA49CCC27D6120800EA5EA0 /* LearningApp.swift */; };
		EBA49CCF27D6120800EA5EA0 /* HomeView.swift in Sources */ = {isa = PBXBuildFile; fileRef = EBA49CCE27D6120800EA5EA0 /* HomeView.swift */; };
		EBA49CD127D6120A00EA5EA0 /* Assets.xcassets in Resources */ = {isa = PBXBuildFile; fileRef = EBA49CD027D6120A00EA5EA0 /* Assets.xcassets */; };
		EBA49CD427D6120A00EA5EA0 /* Preview Assets.xcassets in Resources */ = {isa = PBXBuildFile; fileRef = EBA49CD327D6120A00EA5EA0 /* Preview Assets.xcassets */; };
		EBA49CE027D613D400EA5EA0 /* data.json in Resources */ = {isa = PBXBuildFile; fileRef = EBA49CDF27D613D400EA5EA0 /* data.json */; };
		EBA49CE327D613EF00EA5EA0 /* style.html in Resources */ = {isa = PBXBuildFile; fileRef = EBA49CE227D613EF00EA5EA0 /* style.html */; };
		EBA49CE527D6148D00EA5EA0 /* Module.swift in Sources */ = {isa = PBXBuildFile; fileRef = EBA49CE427D6148D00EA5EA0 /* Module.swift */; };
		EBA49CE727D6161E00EA5EA0 /* Content.swift in Sources */ = {isa = PBXBuildFile; fileRef = EBA49CE627D6161D00EA5EA0 /* Content.swift */; };
		EBA49CE927D6168800EA5EA0 /* Lesson.swift in Sources */ = {isa = PBXBuildFile; fileRef = EBA49CE827D6168800EA5EA0 /* Lesson.swift */; };
		EBA49CEB27D6173F00EA5EA0 /* Test.swift in Sources */ = {isa = PBXBuildFile; fileRef = EBA49CEA27D6173F00EA5EA0 /* Test.swift */; };
		EBA49CED27D6179F00EA5EA0 /* Question.swift in Sources */ = {isa = PBXBuildFile; fileRef = EBA49CEC27D6179F00EA5EA0 /* Question.swift */; };
		EBA49CEF27D6181B00EA5EA0 /* DataService.swift in Sources */ = {isa = PBXBuildFile; fileRef = EBA49CEE27D6181B00EA5EA0 /* DataService.swift */; };
		EBA49CF127D61BEE00EA5EA0 /* DataModel.swift in Sources */ = {isa = PBXBuildFile; fileRef = EBA49CF027D61BEE00EA5EA0 /* DataModel.swift */; };
/* End PBXBuildFile section */

/* Begin PBXFileReference section */
		EBA49CC927D6120800EA5EA0 /* LearningApp.app */ = {isa = PBXFileReference; explicitFileType = wrapper.application; includeInIndex = 0; path = LearningApp.app; sourceTree = BUILT_PRODUCTS_DIR; };
		EBA49CCC27D6120800EA5EA0 /* LearningApp.swift */ = {isa = PBXFileReference; lastKnownFileType = sourcecode.swift; path = LearningApp.swift; sourceTree = "<group>"; };
		EBA49CCE27D6120800EA5EA0 /* HomeView.swift */ = {isa = PBXFileReference; lastKnownFileType = sourcecode.swift; path = HomeView.swift; sourceTree = "<group>"; };
		EBA49CD027D6120A00EA5EA0 /* Assets.xcassets */ = {isa = PBXFileReference; lastKnownFileType = folder.assetcatalog; path = Assets.xcassets; sourceTree = "<group>"; };
		EBA49CD327D6120A00EA5EA0 /* Preview Assets.xcassets */ = {isa = PBXFileReference; lastKnownFileType = folder.assetcatalog; path = "Preview Assets.xcassets"; sourceTree = "<group>"; };
		EBA49CDF27D613D400EA5EA0 /* data.json */ = {isa = PBXFileReference; fileEncoding = 4; lastKnownFileType = text.json; path = data.json; sourceTree = "<group>"; };
		EBA49CE227D613EF00EA5EA0 /* style.html */ = {isa = PBXFileReference; fileEncoding = 4; lastKnownFileType = text.html; path = style.html; sourceTree = "<group>"; };
		EBA49CE427D6148D00EA5EA0 /* Module.swift */ = {isa = PBXFileReference; lastKnownFileType = sourcecode.swift; path = Module.swift; sourceTree = "<group>"; };
		EBA49CE627D6161D00EA5EA0 /* Content.swift */ = {isa = PBXFileReference; lastKnownFileType = sourcecode.swift; path = Content.swift; sourceTree = "<group>"; };
		EBA49CE827D6168800EA5EA0 /* Lesson.swift */ = {isa = PBXFileReference; lastKnownFileType = sourcecode.swift; path = Lesson.swift; sourceTree = "<group>"; };
		EBA49CEA27D6173F00EA5EA0 /* Test.swift */ = {isa = PBXFileReference; lastKnownFileType = sourcecode.swift; path = Test.swift; sourceTree = "<group>"; };
		EBA49CEC27D6179F00EA5EA0 /* Question.swift */ = {isa = PBXFileReference; lastKnownFileType = sourcecode.swift; path = Question.swift; sourceTree = "<group>"; };
		EBA49CEE27D6181B00EA5EA0 /* DataService.swift */ = {isa = PBXFileReference; lastKnownFileType = sourcecode.swift; path = DataService.swift; sourceTree = "<group>"; };
		EBA49CF027D61BEE00EA5EA0 /* DataModel.swift */ = {isa = PBXFileReference; lastKnownFileType = sourcecode.swift; path = DataModel.swift; sourceTree = "<group>"; };
/* End PBXFileReference section */

/* Begin PBXFrameworksBuildPhase section */
		EBA49CC627D6120800EA5EA0 /* Frameworks */ = {
			isa = PBXFrameworksBuildPhase;
			buildActionMask = 2147483647;
			files = (
			);
			runOnlyForDeploymentPostprocessing = 0;
		};
/* End PBXFrameworksBuildPhase section */

/* Begin PBXGroup section */
		EBA49CC027D6120800EA5EA0 = {
			isa = PBXGroup;
			children = (
				EBA49CCB27D6120800EA5EA0 /* LearningApp */,
				EBA49CCA27D6120800EA5EA0 /* Products */,
			);
			sourceTree = "<group>";
		};
		EBA49CCA27D6120800EA5EA0 /* Products */ = {
			isa = PBXGroup;
			children = (
				EBA49CC927D6120800EA5EA0 /* LearningApp.app */,
			);
			name = Products;
			sourceTree = "<group>";
		};
		EBA49CCB27D6120800EA5EA0 /* LearningApp */ = {
			isa = PBXGroup;
			children = (
				EBA49CCC27D6120800EA5EA0 /* LearningApp.swift */,
				EBA49CE127D613DD00EA5EA0 /* Utility */,
				EBA49CDE27D6131900EA5EA0 /* Service */,
				EBA49CDD27D6130700EA5EA0 /* ViewModels */,
				EBA49CDC27D612FF00EA5EA0 /* Views */,
				EBA49CDB27D612F800EA5EA0 /* Models */,
				EBA49CDA27D612F100EA5EA0 /* Data */,
				EBA49CD027D6120A00EA5EA0 /* Assets.xcassets */,
				EBA49CD227D6120A00EA5EA0 /* Preview Content */,
			);
			path = LearningApp;
			sourceTree = "<group>";
		};
		EBA49CD227D6120A00EA5EA0 /* Preview Content */ = {
			isa = PBXGroup;
			children = (
				EBA49CD327D6120A00EA5EA0 /* Preview Assets.xcassets */,
			);
			path = "Preview Content";
			sourceTree = "<group>";
		};
		EBA49CDA27D612F100EA5EA0 /* Data */ = {
			isa = PBXGroup;
			children = (
				EBA49CDF27D613D400EA5EA0 /* data.json */,
			);
			path = Data;
			sourceTree = "<group>";
		};
		EBA49CDB27D612F800EA5EA0 /* Models */ = {
			isa = PBXGroup;
			children = (
				EBA49CE427D6148D00EA5EA0 /* Module.swift */,
				EBA49CE627D6161D00EA5EA0 /* Content.swift */,
				EBA49CE827D6168800EA5EA0 /* Lesson.swift */,
				EBA49CEA27D6173F00EA5EA0 /* Test.swift */,
				EBA49CEC27D6179F00EA5EA0 /* Question.swift */,
			);
			path = Models;
			sourceTree = "<group>";
		};
		EBA49CDC27D612FF00EA5EA0 /* Views */ = {
			isa = PBXGroup;
			children = (
				EBA49CCE27D6120800EA5EA0 /* HomeView.swift */,
			);
			path = Views;
			sourceTree = "<group>";
		};
		EBA49CDD27D6130700EA5EA0 /* ViewModels */ = {
			isa = PBXGroup;
			children = (
				EBA49CF027D61BEE00EA5EA0 /* DataModel.swift */,
			);
			path = ViewModels;
			sourceTree = "<group>";
		};
		EBA49CDE27D6131900EA5EA0 /* Service */ = {
			isa = PBXGroup;
			children = (
				EBA49CEE27D6181B00EA5EA0 /* DataService.swift */,
			);
			path = Service;
			sourceTree = "<group>";
		};
		EBA49CE127D613DD00EA5EA0 /* Utility */ = {
			isa = PBXGroup;
			children = (
				EBA49CE227D613EF00EA5EA0 /* style.html */,
			);
			path = Utility;
			sourceTree = "<group>";
		};
/* End PBXGroup section */

/* Begin PBXNativeTarget section */
		EBA49CC827D6120800EA5EA0 /* LearningApp */ = {
			isa = PBXNativeTarget;
			buildConfigurationList = EBA49CD727D6120A00EA5EA0 /* Build configuration list for PBXNativeTarget "LearningApp" */;
			buildPhases = (
				EBA49CC527D6120800EA5EA0 /* Sources */,
				EBA49CC627D6120800EA5EA0 /* Frameworks */,
				EBA49CC727D6120800EA5EA0 /* Resources */,
			);
			buildRules = (
			);
			dependencies = (
			);
			name = LearningApp;
			productName = LearningApp;
			productReference = EBA49CC927D6120800EA5EA0 /* LearningApp.app */;
			productType = "com.apple.product-type.application";
		};
/* End PBXNativeTarget section */

/* Begin PBXProject section */
		EBA49CC127D6120800EA5EA0 /* Project object */ = {
			isa = PBXProject;
			attributes = {
				BuildIndependentTargetsInParallel = 1;
				LastSwiftUpdateCheck = 1320;
				LastUpgradeCheck = 1320;
				TargetAttributes = {
					EBA49CC827D6120800EA5EA0 = {
						CreatedOnToolsVersion = 13.2.1;
					};
				};
			};
			buildConfigurationList = EBA49CC427D6120800EA5EA0 /* Build configuration list for PBXProject "LearningApp" */;
			compatibilityVersion = "Xcode 13.0";
			developmentRegion = en;
			hasScannedForEncodings = 0;
			knownRegions = (
				en,
				Base,
			);
			mainGroup = EBA49CC027D6120800EA5EA0;
			productRefGroup = EBA49CCA27D6120800EA5EA0 /* Products */;
			projectDirPath = "";
			projectRoot = "";
			targets = (
				EBA49CC827D6120800EA5EA0 /* LearningApp */,
			);
		};
/* End PBXProject section */

/* Begin PBXResourcesBuildPhase section */
		EBA49CC727D6120800EA5EA0 /* Resources */ = {
			isa = PBXResourcesBuildPhase;
			buildActionMask = 2147483647;
			files = (
				EBA49CD427D6120A00EA5EA0 /* Preview Assets.xcassets in Resources */,
				EBA49CE027D613D400EA5EA0 /* data.json in Resources */,
				EBA49CE327D613EF00EA5EA0 /* style.html in Resources */,
				EBA49CD127D6120A00EA5EA0 /* Assets.xcassets in Resources */,
			);
			runOnlyForDeploymentPostprocessing = 0;
		};
/* End PBXResourcesBuildPhase section */

/* Begin PBXSourcesBuildPhase section */
		EBA49CC527D6120800EA5EA0 /* Sources */ = {
			isa = PBXSourcesBuildPhase;
			buildActionMask = 2147483647;
			files = (
				EBA49CE927D6168800EA5EA0 /* Lesson.swift in Sources */,
				EBA49CCF27D6120800EA5EA0 /* HomeView.swift in Sources */,
				EBA49CCD27D6120800EA5EA0 /* LearningApp.swift in Sources */,
				EBA49CE527D6148D00EA5EA0 /* Module.swift in Sources */,
				EBA49CE727D6161E00EA5EA0 /* Content.swift in Sources */,
				EBA49CED27D6179F00EA5EA0 /* Question.swift in Sources */,
				EBA49CEB27D6173F00EA5EA0 /* Test.swift in Sources */,
				EBA49CEF27D6181B00EA5EA0 /* DataService.swift in Sources */,
				EBA49CF127D61BEE00EA5EA0 /* DataModel.swift in Sources */,
			);
			runOnlyForDeploymentPostprocessing = 0;
		};
/* End PBXSourcesBuildPhase section */

/* Begin XCBuildConfiguration section */
		EBA49CD527D6120A00EA5EA0 /* Debug */ = {
			isa = XCBuildConfiguration;
			buildSettings = {
				ALWAYS_SEARCH_USER_PATHS = NO;
				CLANG_ANALYZER_NONNULL = YES;
				CLANG_ANALYZER_NUMBER_OBJECT_CONVERSION = YES_AGGRESSIVE;
				CLANG_CXX_LANGUAGE_STANDARD = "gnu++17";
				CLANG_CXX_LIBRARY = "libc++";
				CLANG_ENABLE_MODULES = YES;
				CLANG_ENABLE_OBJC_ARC = YES;
				CLANG_ENABLE_OBJC_WEAK = YES;
				CLANG_WARN_BLOCK_CAPTURE_AUTORELEASING = YES;
				CLANG_WARN_BOOL_CONVERSION = YES;
				CLANG_WARN_COMMA = YES;
				CLANG_WARN_CONSTANT_CONVERSION = YES;
				CLANG_WARN_DEPRECATED_OBJC_IMPLEMENTATIONS = YES;
				CLANG_WARN_DIRECT_OBJC_ISA_USAGE = YES_ERROR;
				CLANG_WARN_DOCUMENTATION_COMMENTS = YES;
				CLANG_WARN_EMPTY_BODY = YES;
				CLANG_WARN_ENUM_CONVERSION = YES;
				CLANG_WARN_INFINITE_RECURSION = YES;
				CLANG_WARN_INT_CONVERSION = YES;
				CLANG_WARN_NON_LITERAL_NULL_CONVERSION = YES;
				CLANG_WARN_OBJC_IMPLICIT_RETAIN_SELF = YES;
				CLANG_WARN_OBJC_LITERAL_CONVERSION = YES;
				CLANG_WARN_OBJC_ROOT_CLASS = YES_ERROR;
				CLANG_WARN_QUOTED_INCLUDE_IN_FRAMEWORK_HEADER = YES;
				CLANG_WARN_RANGE_LOOP_ANALYSIS = YES;
				CLANG_WARN_STRICT_PROTOTYPES = YES;
				CLANG_WARN_SUSPICIOUS_MOVE = YES;
				CLANG_WARN_UNGUARDED_AVAILABILITY = YES_AGGRESSIVE;
				CLANG_WARN_UNREACHABLE_CODE = YES;
				CLANG_WARN__DUPLICATE_METHOD_MATCH = YES;
				COPY_PHASE_STRIP = NO;
				DEBUG_INFORMATION_FORMAT = dwarf;
				ENABLE_STRICT_OBJC_MSGSEND = YES;
				ENABLE_TESTABILITY = YES;
				GCC_C_LANGUAGE_STANDARD = gnu11;
				GCC_DYNAMIC_NO_PIC = NO;
				GCC_NO_COMMON_BLOCKS = YES;
				GCC_OPTIMIZATION_LEVEL = 0;
				GCC_PREPROCESSOR_DEFINITIONS = (
					"DEBUG=1",
					"$(inherited)",
				);
				GCC_WARN_64_TO_32_BIT_CONVERSION = YES;
				GCC_WARN_ABOUT_RETURN_TYPE = YES_ERROR;
				GCC_WARN_UNDECLARED_SELECTOR = YES;
				GCC_WARN_UNINITIALIZED_AUTOS = YES_AGGRESSIVE;
				GCC_WARN_UNUSED_FUNCTION = YES;
				GCC_WARN_UNUSED_VARIABLE = YES;
				IPHONEOS_DEPLOYMENT_TARGET = 15.2;
				MTL_ENABLE_DEBUG_INFO = INCLUDE_SOURCE;
				MTL_FAST_MATH = YES;
				ONLY_ACTIVE_ARCH = YES;
				SDKROOT = iphoneos;
				SWIFT_ACTIVE_COMPILATION_CONDITIONS = DEBUG;
				SWIFT_OPTIMIZATION_LEVEL = "-Onone";
			};
			name = Debug;
		};
		EBA49CD627D6120A00EA5EA0 /* Release */ = {
			isa = XCBuildConfiguration;
			buildSettings = {
				ALWAYS_SEARCH_USER_PATHS = NO;
				CLANG_ANALYZER_NONNULL = YES;
				CLANG_ANALYZER_NUMBER_OBJECT_CONVERSION = YES_AGGRESSIVE;
				CLANG_CXX_LANGUAGE_STANDARD = "gnu++17";
				CLANG_CXX_LIBRARY = "libc++";
				CLANG_ENABLE_MODULES = YES;
				CLANG_ENABLE_OBJC_ARC = YES;
				CLANG_ENABLE_OBJC_WEAK = YES;
				CLANG_WARN_BLOCK_CAPTURE_AUTORELEASING = YES;
				CLANG_WARN_BOOL_CONVERSION = YES;
				CLANG_WARN_COMMA = YES;
				CLANG_WARN_CONSTANT_CONVERSION = YES;
				CLANG_WARN_DEPRECATED_OBJC_IMPLEMENTATIONS = YES;
				CLANG_WARN_DIRECT_OBJC_ISA_USAGE = YES_ERROR;
				CLANG_WARN_DOCUMENTATION_COMMENTS = YES;
				CLANG_WARN_EMPTY_BODY = YES;
				CLANG_WARN_ENUM_CONVERSION = YES;
				CLANG_WARN_INFINITE_RECURSION = YES;
				CLANG_WARN_INT_CONVERSION = YES;
				CLANG_WARN_NON_LITERAL_NULL_CONVERSION = YES;
				CLANG_WARN_OBJC_IMPLICIT_RETAIN_SELF = YES;
				CLANG_WARN_OBJC_LITERAL_CONVERSION = YES;
				CLANG_WARN_OBJC_ROOT_CLASS = YES_ERROR;
				CLANG_WARN_QUOTED_INCLUDE_IN_FRAMEWORK_HEADER = YES;
				CLANG_WARN_RANGE_LOOP_ANALYSIS = YES;
				CLANG_WARN_STRICT_PROTOTYPES = YES;
				CLANG_WARN_SUSPICIOUS_MOVE = YES;
				CLANG_WARN_UNGUARDED_AVAILABILITY = YES_AGGRESSIVE;
				CLANG_WARN_UNREACHABLE_CODE = YES;
				CLANG_WARN__DUPLICATE_METHOD_MATCH = YES;
				COPY_PHASE_STRIP = NO;
				DEBUG_INFORMATION_FORMAT = "dwarf-with-dsym";
				ENABLE_NS_ASSERTIONS = NO;
				ENABLE_STRICT_OBJC_MSGSEND = YES;
				GCC_C_LANGUAGE_STANDARD = gnu11;
				GCC_NO_COMMON_BLOCKS = YES;
				GCC_WARN_64_TO_32_BIT_CONVERSION = YES;
				GCC_WARN_ABOUT_RETURN_TYPE = YES_ERROR;
				GCC_WARN_UNDECLARED_SELECTOR = YES;
				GCC_WARN_UNINITIALIZED_AUTOS = YES_AGGRESSIVE;
				GCC_WARN_UNUSED_FUNCTION = YES;
				GCC_WARN_UNUSED_VARIABLE = YES;
				IPHONEOS_DEPLOYMENT_TARGET = 15.2;
				MTL_ENABLE_DEBUG_INFO = NO;
				MTL_FAST_MATH = YES;
				SDKROOT = iphoneos;
				SWIFT_COMPILATION_MODE = wholemodule;
				SWIFT_OPTIMIZATION_LEVEL = "-O";
				VALIDATE_PRODUCT = YES;
			};
			name = Release;
		};
		EBA49CD827D6120A00EA5EA0 /* Debug */ = {
			isa = XCBuildConfiguration;
			buildSettings = {
				ASSETCATALOG_COMPILER_APPICON_NAME = AppIcon;
				ASSETCATALOG_COMPILER_GLOBAL_ACCENT_COLOR_NAME = AccentColor;
				CODE_SIGN_STYLE = Automatic;
				CURRENT_PROJECT_VERSION = 1;
				DEVELOPMENT_ASSET_PATHS = "\"LearningApp/Preview Content\"";
				DEVELOPMENT_TEAM = NW6JD2NT7P;
				ENABLE_PREVIEWS = YES;
				GENERATE_INFOPLIST_FILE = YES;
				INFOPLIST_KEY_UIApplicationSceneManifest_Generation = YES;
				INFOPLIST_KEY_UIApplicationSupportsIndirectInputEvents = YES;
				INFOPLIST_KEY_UILaunchScreen_Generation = YES;
				INFOPLIST_KEY_UISupportedInterfaceOrientations_iPad = "UIInterfaceOrientationPortrait UIInterfaceOrientationPortraitUpsideDown UIInterfaceOrientationLandscapeLeft UIInterfaceOrientationLandscapeRight";
				INFOPLIST_KEY_UISupportedInterfaceOrientations_iPhone = "UIInterfaceOrientationPortrait UIInterfaceOrientationLandscapeLeft UIInterfaceOrientationLandscapeRight";
				LD_RUNPATH_SEARCH_PATHS = (
					"$(inherited)",
					"@executable_path/Frameworks",
				);
				MARKETING_VERSION = 1.0;
				PRODUCT_BUNDLE_IDENTIFIER = com.fastpacetransfer.sampletest.LearningApp;
				PRODUCT_NAME = "$(TARGET_NAME)";
				SWIFT_EMIT_LOC_STRINGS = YES;
				SWIFT_VERSION = 5.0;
				TARGETED_DEVICE_FAMILY = "1,2";
			};
			name = Debug;
		};
		EBA49CD927D6120A00EA5EA0 /* Release */ = {
			isa = XCBuildConfiguration;
			buildSettings = {
				ASSETCATALOG_COMPILER_APPICON_NAME = AppIcon;
				ASSETCATALOG_COMPILER_GLOBAL_ACCENT_COLOR_NAME = AccentColor;
				CODE_SIGN_STYLE = Automatic;
				CURRENT_PROJECT_VERSION = 1;
				DEVELOPMENT_ASSET_PATHS = "\"LearningApp/Preview Content\"";
				DEVELOPMENT_TEAM = NW6JD2NT7P;
				ENABLE_PREVIEWS = YES;
				GENERATE_INFOPLIST_FILE = YES;
				INFOPLIST_KEY_UIApplicationSceneManifest_Generation = YES;
				INFOPLIST_KEY_UIApplicationSupportsIndirectInputEvents = YES;
				INFOPLIST_KEY_UILaunchScreen_Generation = YES;
				INFOPLIST_KEY_UISupportedInterfaceOrientations_iPad = "UIInterfaceOrientationPortrait UIInterfaceOrientationPortraitUpsideDown UIInterfaceOrientationLandscapeLeft UIInterfaceOrientationLandscapeRight";
				INFOPLIST_KEY_UISupportedInterfaceOrientations_iPhone = "UIInterfaceOrientationPortrait UIInterfaceOrientationLandscapeLeft UIInterfaceOrientationLandscapeRight";
				LD_RUNPATH_SEARCH_PATHS = (
					"$(inherited)",
					"@executable_path/Frameworks",
				);
				MARKETING_VERSION = 1.0;
				PRODUCT_BUNDLE_IDENTIFIER = com.fastpacetransfer.sampletest.LearningApp;
				PRODUCT_NAME = "$(TARGET_NAME)";
				SWIFT_EMIT_LOC_STRINGS = YES;
				SWIFT_VERSION = 5.0;
				TARGETED_DEVICE_FAMILY = "1,2";
			};
			name = Release;
		};
/* End XCBuildConfiguration section */

/* Begin XCConfigurationList section */
		EBA49CC427D6120800EA5EA0 /* Build configuration list for PBXProject "LearningApp" */ = {
			isa = XCConfigurationList;
			buildConfigurations = (
				EBA49CD527D6120A00EA5EA0 /* Debug */,
				EBA49CD627D6120A00EA5EA0 /* Release */,
			);
			defaultConfigurationIsVisible = 0;
			defaultConfigurationName = Release;
		};
		EBA49CD727D6120A00EA5EA0 /* Build configuration list for PBXNativeTarget "LearningApp" */ = {
			isa = XCConfigurationList;
			buildConfigurations = (
				EBA49CD827D6120A00EA5EA0 /* Debug */,
				EBA49CD927D6120A00EA5EA0 /* Release */,
			);
			defaultConfigurationIsVisible = 0;
			defaultConfigurationName = Release;
		};
/* End XCConfigurationList section */
	};
	rootObject = EBA49CC127D6120800EA5EA0 /* Project object */;
}
